{
  "pins" : [
    {
      "identity" : "youtubeplayerkit",
      "kind" : "remoteSourceControl",
      "location" : "https://github.com/SvenTiigi/YouTubePlayerKit.git",
      "state" : {
        "revision" : "96b831c0132ad194c568a924d6bf8a4a26f3a517",
        "version" : "1.1.11"
      }
    }
  ],
  "version" : 2
}
